
Microsoft Visual Studio Solution File, Format Version 12.00
# Visual Studio 15
VisualStudioVersion = 15.0.28307.421
MinimumVisualStudioVersion = 10.0.40219.1
Project("{8BC9CEB8-8B4A-11D0-8D11-00A0C91BC942}") = "GeneticAlgorithm", "GeneticAlgorithm\GeneticAlgorithm.vcxproj", "{F3E1EFDE-ED38-4080-801D-98D3E718E5C3}"
EndProject
Global
	GlobalSection(SolutionConfigurationPlatforms) = preSolution
		Debug|x64 = Debug|x64
		Debug|x86 = Debug|x86
		Release|x64 = Release|x64
		Release|x86 = Release|x86
	EndGlobalSection
	GlobalSection(ProjectConfigurationPlatforms) = postSolution
		{F3E1EFDE-ED38-4080-801D-98D3E718E5C3}.Debug|x64.ActiveCfg = Debug|Win32
		{F3E1EFDE-ED38-4080-801D-98D3E718E5C3}.Debug|x64.Build.0 = Debug|Win32
		{F3E1EFDE-ED38-4080-801D-98D3E718E5C3}.Debug|x86.ActiveCfg = Debug|Win32
		{F3E1EFDE-ED38-4080-801D-98D3E718E5C3}.Debug|x86.Build.0 = Debug|Win32
		{F3E1EFDE-ED38-4080-801D-98D3E718E5C3}.Release|x64.ActiveCfg = Release|x64
		{F3E1EFDE-ED38-4080-801D-98D3E718E5C3}.Release|x86.ActiveCfg = Release|Win32
		{F3E1EFDE-ED38-4080-801D-98D3E718E5C3}.Release|x86.Build.0 = Release|Win32
	EndGlobalSection
	GlobalSection(SolutionProperties) = preSolution
		HideSolutionNode = FALSE
	EndGlobalSection
	GlobalSection(ExtensibilityGlobals) = postSolution
		SolutionGuid = {C8F26DD2-4EB6-48DC-AC65-1E48D1A6DF7D}
	EndGlobalSection
EndGlobal
